// !$*UTF8*$!
{
	archiveVersion = 1;
	classes = {
	};
	objectVersion = 77;
	objects = {

/* Begin PBXBuildFile section */
		5885BF7F2CE4244E00365946 /* Clibsodium.xcframework in Frameworks */ = {isa = PBXBuildFile; fileRef = 5885BF7B2CE4241400365946 /* Clibsodium.xcframework */; };
		5885BF802CE4244E00365946 /* Clibsodium.xcframework in Embed Frameworks */ = {isa = PBXBuildFile; fileRef = 5885BF7B2CE4241400365946 /* Clibsodium.xcframework */; settings = {ATTRIBUTES = (CodeSignOnCopy, RemoveHeadersOnCopy, ); }; };
		588AB9402CD3E7EB002E2DEF /* BigInt in Frameworks */ = {isa = PBXBuildFile; productRef = 588AB93F2CD3E7EB002E2DEF /* BigInt */; };
		588BA12C2CD4E5AB0022675F /* Crypto in Frameworks */ = {isa = PBXBuildFile; productRef = 588BA12B2CD4E5AB0022675F /* Crypto */; };
		588BA12E2CD4E5AB0022675F /* _CryptoExtras in Frameworks */ = {isa = PBXBuildFile; productRef = 588BA12D2CD4E5AB0022675F /* _CryptoExtras */; };
		588BA1362CDCFD550022675F /* AsyncAlgorithms in Frameworks */ = {isa = PBXBuildFile; productRef = 588BA1352CDCFD550022675F /* AsyncAlgorithms */; };
/* End PBXBuildFile section */

/* Begin PBXContainerItemProxy section */
		588AB9212CD3E3D8002E2DEF /* PBXContainerItemProxy */ = {
			isa = PBXContainerItemProxy;
			containerPortal = 588AB9022CD3E3D7002E2DEF /* Project object */;
			proxyType = 1;
			remoteGlobalIDString = 588AB9092CD3E3D7002E2DEF;
			remoteInfo = "kangaroo-ios-client";
		};
		588AB92B2CD3E3D8002E2DEF /* PBXContainerItemProxy */ = {
			isa = PBXContainerItemProxy;
			containerPortal = 588AB9022CD3E3D7002E2DEF /* Project object */;
			proxyType = 1;
			remoteGlobalIDString = 588AB9092CD3E3D7002E2DEF;
			remoteInfo = "kangaroo-ios-client";
		};
/* End PBXContainerItemProxy section */

/* Begin PBXCopyFilesBuildPhase section */
		581444722CE238EA0051B064 /* Embed Frameworks */ = {
			isa = PBXCopyFilesBuildPhase;
			buildActionMask = 2147483647;
			dstPath = "";
			dstSubfolderSpec = 10;
			files = (
				5885BF802CE4244E00365946 /* Clibsodium.xcframework in Embed Frameworks */,
			);
			name = "Embed Frameworks";
			runOnlyForDeploymentPostprocessing = 0;
		};
/* End PBXCopyFilesBuildPhase section */

/* Begin PBXFileReference section */
		5885BF7B2CE4241400365946 /* Clibsodium.xcframework */ = {isa = PBXFileReference; lastKnownFileType = wrapper.xcframework; path = Clibsodium.xcframework; sourceTree = "<group>"; };
		588AB90A2CD3E3D7002E2DEF /* kangaroo-ios-client.app */ = {isa = PBXFileReference; explicitFileType = wrapper.application; includeInIndex = 0; path = "kangaroo-ios-client.app"; sourceTree = BUILT_PRODUCTS_DIR; };
		588AB9202CD3E3D8002E2DEF /* kangaroo-ios-clientTests.xctest */ = {isa = PBXFileReference; explicitFileType = wrapper.cfbundle; includeInIndex = 0; path = "kangaroo-ios-clientTests.xctest"; sourceTree = BUILT_PRODUCTS_DIR; };
		588AB92A2CD3E3D8002E2DEF /* kangaroo-ios-clientUITests.xctest */ = {isa = PBXFileReference; explicitFileType = wrapper.cfbundle; includeInIndex = 0; path = "kangaroo-ios-clientUITests.xctest"; sourceTree = BUILT_PRODUCTS_DIR; };
/* End PBXFileReference section */

/* Begin PBXFileSystemSynchronizedBuildFileExceptionSet section */
		588AB9322CD3E3D8002E2DEF /* Exceptions for "kangaroo-ios-client" folder in "kangaroo-ios-client" target */ = {
			isa = PBXFileSystemSynchronizedBuildFileExceptionSet;
			membershipExceptions = (
				Info.plist,
			);
			target = 588AB9092CD3E3D7002E2DEF /* kangaroo-ios-client */;
		};
/* End PBXFileSystemSynchronizedBuildFileExceptionSet section */

/* Begin PBXFileSystemSynchronizedRootGroup section */
		588AB90C2CD3E3D7002E2DEF /* kangaroo-ios-client */ = {
			isa = PBXFileSystemSynchronizedRootGroup;
			exceptions = (
				588AB9322CD3E3D8002E2DEF /* Exceptions for "kangaroo-ios-client" folder in "kangaroo-ios-client" target */,
			);
			path = "kangaroo-ios-client";
			sourceTree = "<group>";
		};
		588AB9232CD3E3D8002E2DEF /* kangaroo-ios-clientTests */ = {
			isa = PBXFileSystemSynchronizedRootGroup;
			path = "kangaroo-ios-clientTests";
			sourceTree = "<group>";
		};
		588AB92D2CD3E3D8002E2DEF /* kangaroo-ios-clientUITests */ = {
			isa = PBXFileSystemSynchronizedRootGroup;
			path = "kangaroo-ios-clientUITests";
			sourceTree = "<group>";
		};
/* End PBXFileSystemSynchronizedRootGroup section */

/* Begin PBXFrameworksBuildPhase section */
		588AB9072CD3E3D7002E2DEF /* Frameworks */ = {
			isa = PBXFrameworksBuildPhase;
			buildActionMask = 2147483647;
			files = (
				588AB9402CD3E7EB002E2DEF /* BigInt in Frameworks */,
				5885BF7F2CE4244E00365946 /* Clibsodium.xcframework in Frameworks */,
				588BA12C2CD4E5AB0022675F /* Crypto in Frameworks */,
				588BA12E2CD4E5AB0022675F /* _CryptoExtras in Frameworks */,
				588BA1362CDCFD550022675F /* AsyncAlgorithms in Frameworks */,
			);
			runOnlyForDeploymentPostprocessing = 0;
		};
		588AB91D2CD3E3D8002E2DEF /* Frameworks */ = {
			isa = PBXFrameworksBuildPhase;
			buildActionMask = 2147483647;
			files = (
			);
			runOnlyForDeploymentPostprocessing = 0;
		};
		588AB9272CD3E3D8002E2DEF /* Frameworks */ = {
			isa = PBXFrameworksBuildPhase;
			buildActionMask = 2147483647;
			files = (
			);
			runOnlyForDeploymentPostprocessing = 0;
		};
/* End PBXFrameworksBuildPhase section */

/* Begin PBXGroup section */
		5885BF7E2CE4241B00365946 /* Frameworks */ = {
			isa = PBXGroup;
			children = (
				5885BF7B2CE4241400365946 /* Clibsodium.xcframework */,
			);
			path = Frameworks;
			sourceTree = "<group>";
		};
		588AB9012CD3E3D7002E2DEF = {
			isa = PBXGroup;
			children = (
				5885BF7E2CE4241B00365946 /* Frameworks */,
				588AB90C2CD3E3D7002E2DEF /* kangaroo-ios-client */,
				588AB9232CD3E3D8002E2DEF /* kangaroo-ios-clientTests */,
				588AB92D2CD3E3D8002E2DEF /* kangaroo-ios-clientUITests */,
				588AB90B2CD3E3D7002E2DEF /* Products */,
			);
			sourceTree = "<group>";
		};
		588AB90B2CD3E3D7002E2DEF /* Products */ = {
			isa = PBXGroup;
			children = (
				588AB90A2CD3E3D7002E2DEF /* kangaroo-ios-client.app */,
				588AB9202CD3E3D8002E2DEF /* kangaroo-ios-clientTests.xctest */,
				588AB92A2CD3E3D8002E2DEF /* kangaroo-ios-clientUITests.xctest */,
			);
			name = Products;
			sourceTree = "<group>";
		};
/* End PBXGroup section */

/* Begin PBXNativeTarget section */
		588AB9092CD3E3D7002E2DEF /* kangaroo-ios-client */ = {
			isa = PBXNativeTarget;
			buildConfigurationList = 588AB9332CD3E3D8002E2DEF /* Build configuration list for PBXNativeTarget "kangaroo-ios-client" */;
			buildPhases = (
				588AB9062CD3E3D7002E2DEF /* Sources */,
				588AB9072CD3E3D7002E2DEF /* Frameworks */,
				588AB9082CD3E3D7002E2DEF /* Resources */,
				581444722CE238EA0051B064 /* Embed Frameworks */,
			);
			buildRules = (
			);
			dependencies = (
			);
			fileSystemSynchronizedGroups = (
				588AB90C2CD3E3D7002E2DEF /* kangaroo-ios-client */,
			);
			name = "kangaroo-ios-client";
			packageProductDependencies = (
				588AB93F2CD3E7EB002E2DEF /* BigInt */,
				588BA12B2CD4E5AB0022675F /* Crypto */,
				588BA12D2CD4E5AB0022675F /* _CryptoExtras */,
				588BA1352CDCFD550022675F /* AsyncAlgorithms */,
			);
			productName = "kangaroo-ios-client";
			productReference = 588AB90A2CD3E3D7002E2DEF /* kangaroo-ios-client.app */;
			productType = "com.apple.product-type.application";
		};
		588AB91F2CD3E3D8002E2DEF /* kangaroo-ios-clientTests */ = {
			isa = PBXNativeTarget;
			buildConfigurationList = 588AB9382CD3E3D8002E2DEF /* Build configuration list for PBXNativeTarget "kangaroo-ios-clientTests" */;
			buildPhases = (
				588AB91C2CD3E3D8002E2DEF /* Sources */,
				588AB91D2CD3E3D8002E2DEF /* Frameworks */,
				588AB91E2CD3E3D8002E2DEF /* Resources */,
			);
			buildRules = (
			);
			dependencies = (
				588AB9222CD3E3D8002E2DEF /* PBXTargetDependency */,
			);
			fileSystemSynchronizedGroups = (
				588AB9232CD3E3D8002E2DEF /* kangaroo-ios-clientTests */,
			);
			name = "kangaroo-ios-clientTests";
			packageProductDependencies = (
			);
			productName = "kangaroo-ios-clientTests";
			productReference = 588AB9202CD3E3D8002E2DEF /* kangaroo-ios-clientTests.xctest */;
			productType = "com.apple.product-type.bundle.unit-test";
		};
		588AB9292CD3E3D8002E2DEF /* kangaroo-ios-clientUITests */ = {
			isa = PBXNativeTarget;
			buildConfigurationList = 588AB93B2CD3E3D8002E2DEF /* Build configuration list for PBXNativeTarget "kangaroo-ios-clientUITests" */;
			buildPhases = (
				588AB9262CD3E3D8002E2DEF /* Sources */,
				588AB9272CD3E3D8002E2DEF /* Frameworks */,
				588AB9282CD3E3D8002E2DEF /* Resources */,
			);
			buildRules = (
			);
			dependencies = (
				588AB92C2CD3E3D8002E2DEF /* PBXTargetDependency */,
			);
			fileSystemSynchronizedGroups = (
				588AB92D2CD3E3D8002E2DEF /* kangaroo-ios-clientUITests */,
			);
			name = "kangaroo-ios-clientUITests";
			packageProductDependencies = (
			);
			productName = "kangaroo-ios-clientUITests";
			productReference = 588AB92A2CD3E3D8002E2DEF /* kangaroo-ios-clientUITests.xctest */;
			productType = "com.apple.product-type.bundle.ui-testing";
		};
/* End PBXNativeTarget section */

/* Begin PBXProject section */
		588AB9022CD3E3D7002E2DEF /* Project object */ = {
			isa = PBXProject;
			attributes = {
				BuildIndependentTargetsInParallel = 1;
				LastSwiftUpdateCheck = 1600;
				LastUpgradeCheck = 1600;
				TargetAttributes = {
					588AB9092CD3E3D7002E2DEF = {
						CreatedOnToolsVersion = 16.0;
						LastSwiftMigration = 1610;
					};
					588AB91F2CD3E3D8002E2DEF = {
						CreatedOnToolsVersion = 16.0;
						TestTargetID = 588AB9092CD3E3D7002E2DEF;
					};
					588AB9292CD3E3D8002E2DEF = {
						CreatedOnToolsVersion = 16.0;
						TestTargetID = 588AB9092CD3E3D7002E2DEF;
					};
				};
			};
			buildConfigurationList = 588AB9052CD3E3D7002E2DEF /* Build configuration list for PBXProject "kangaroo-ios-client" */;
			developmentRegion = en;
			hasScannedForEncodings = 0;
			knownRegions = (
				en,
				Base,
			);
			mainGroup = 588AB9012CD3E3D7002E2DEF;
			minimizedProjectReferenceProxies = 1;
			packageReferences = (
				588AB93E2CD3E7EB002E2DEF /* XCRemoteSwiftPackageReference "BigInt" */,
				588BA12A2CD4E5AB0022675F /* XCRemoteSwiftPackageReference "swift-crypto" */,
				588BA1342CDCFD550022675F /* XCRemoteSwiftPackageReference "swift-async-algorithms" */,
			);
			preferredProjectObjectVersion = 77;
			productRefGroup = 588AB90B2CD3E3D7002E2DEF /* Products */;
			projectDirPath = "";
			projectRoot = "";
			targets = (
				588AB9092CD3E3D7002E2DEF /* kangaroo-ios-client */,
				588AB91F2CD3E3D8002E2DEF /* kangaroo-ios-clientTests */,
				588AB9292CD3E3D8002E2DEF /* kangaroo-ios-clientUITests */,
			);
		};
/* End PBXProject section */

/* Begin PBXResourcesBuildPhase section */
		588AB9082CD3E3D7002E2DEF /* Resources */ = {
			isa = PBXResourcesBuildPhase;
			buildActionMask = 2147483647;
			files = (
			);
			runOnlyForDeploymentPostprocessing = 0;
		};
		588AB91E2CD3E3D8002E2DEF /* Resources */ = {
			isa = PBXResourcesBuildPhase;
			buildActionMask = 2147483647;
			files = (
			);
			runOnlyForDeploymentPostprocessing = 0;
		};
		588AB9282CD3E3D8002E2DEF /* Resources */ = {
			isa = PBXResourcesBuildPhase;
			buildActionMask = 2147483647;
			files = (
			);
			runOnlyForDeploymentPostprocessing = 0;
		};
/* End PBXResourcesBuildPhase section */

/* Begin PBXSourcesBuildPhase section */
		588AB9062CD3E3D7002E2DEF /* Sources */ = {
			isa = PBXSourcesBuildPhase;
			buildActionMask = 2147483647;
			files = (
			);
			runOnlyForDeploymentPostprocessing = 0;
		};
		588AB91C2CD3E3D8002E2DEF /* Sources */ = {
			isa = PBXSourcesBuildPhase;
			buildActionMask = 2147483647;
			files = (
			);
			runOnlyForDeploymentPostprocessing = 0;
		};
		588AB9262CD3E3D8002E2DEF /* Sources */ = {
			isa = PBXSourcesBuildPhase;
			buildActionMask = 2147483647;
			files = (
			);
			runOnlyForDeploymentPostprocessing = 0;
		};
/* End PBXSourcesBuildPhase section */

/* Begin PBXTargetDependency section */
		588AB9222CD3E3D8002E2DEF /* PBXTargetDependency */ = {
			isa = PBXTargetDependency;
			target = 588AB9092CD3E3D7002E2DEF /* kangaroo-ios-client */;
			targetProxy = 588AB9212CD3E3D8002E2DEF /* PBXContainerItemProxy */;
		};
		588AB92C2CD3E3D8002E2DEF /* PBXTargetDependency */ = {
			isa = PBXTargetDependency;
			target = 588AB9092CD3E3D7002E2DEF /* kangaroo-ios-client */;
			targetProxy = 588AB92B2CD3E3D8002E2DEF /* PBXContainerItemProxy */;
		};
/* End PBXTargetDependency section */

/* Begin XCBuildConfiguration section */
		588AB9342CD3E3D8002E2DEF /* Debug */ = {
			isa = XCBuildConfiguration;
			buildSettings = {
				ASSETCATALOG_COMPILER_APPICON_NAME = AppIcon;
				ASSETCATALOG_COMPILER_GLOBAL_ACCENT_COLOR_NAME = AccentColor;
				CLANG_ENABLE_MODULES = YES;
				CODE_SIGN_STYLE = Automatic;
				CURRENT_PROJECT_VERSION = 1;
				DEVELOPMENT_TEAM = T7CLECN442;
				GENERATE_INFOPLIST_FILE = YES;
				INFOPLIST_FILE = "kangaroo-ios-client/Info.plist";
				INFOPLIST_KEY_UIApplicationSupportsIndirectInputEvents = YES;
				INFOPLIST_KEY_UILaunchStoryboardName = LaunchScreen;
				INFOPLIST_KEY_UISupportedInterfaceOrientations_iPad = "UIInterfaceOrientationPortrait UIInterfaceOrientationPortraitUpsideDown UIInterfaceOrientationLandscapeLeft UIInterfaceOrientationLandscapeRight";
				INFOPLIST_KEY_UISupportedInterfaceOrientations_iPhone = "UIInterfaceOrientationPortrait UIInterfaceOrientationLandscapeLeft UIInterfaceOrientationLandscapeRight";
				LD_RUNPATH_SEARCH_PATHS = (
					"$(inherited)",
					"@executable_path/Frameworks",
				);
				LIBRARY_SEARCH_PATHS = (
					"$(inherited)",
					"$(PROJECT_DIR)/Frameworks",
				);
				MARKETING_VERSION = 1.0;
				PRODUCT_BUNDLE_IDENTIFIER = "distributedlab.kangaroo-ios-client";
				PRODUCT_NAME = "$(TARGET_NAME)";
				SUPPORTED_PLATFORMS = "iphoneos iphonesimulator";
				SUPPORTS_MACCATALYST = NO;
				SUPPORTS_MAC_DESIGNED_FOR_IPHONE_IPAD = NO;
				SUPPORTS_XR_DESIGNED_FOR_IPHONE_IPAD = NO;
				SWIFT_EMIT_LOC_STRINGS = YES;
				SWIFT_OBJC_BRIDGING_HEADER = "";
				SWIFT_OPTIMIZATION_LEVEL = "-Onone";
				SWIFT_VERSION = 5.0;
				TARGETED_DEVICE_FAMILY = 1;
			};
			name = Debug;
		};
		588AB9352CD3E3D8002E2DEF /* Release */ = {
			isa = XCBuildConfiguration;
			buildSettings = {
				ASSETCATALOG_COMPILER_APPICON_NAME = AppIcon;
				ASSETCATALOG_COMPILER_GLOBAL_ACCENT_COLOR_NAME = AccentColor;
				CLANG_ENABLE_MODULES = YES;
				CODE_SIGN_STYLE = Automatic;
				CURRENT_PROJECT_VERSION = 1;
				DEVELOPMENT_TEAM = T7CLECN442;
				GENERATE_INFOPLIST_FILE = YES;
				INFOPLIST_FILE = "kangaroo-ios-client/Info.plist";
				INFOPLIST_KEY_UIApplicationSupportsIndirectInputEvents = YES;
				INFOPLIST_KEY_UILaunchStoryboardName = LaunchScreen;
				INFOPLIST_KEY_UISupportedInterfaceOrientations_iPad = "UIInterfaceOrientationPortrait UIInterfaceOrientationPortraitUpsideDown UIInterfaceOrientationLandscapeLeft UIInterfaceOrientationLandscapeRight";
				INFOPLIST_KEY_UISupportedInterfaceOrientations_iPhone = "UIInterfaceOrientationPortrait UIInterfaceOrientationLandscapeLeft UIInterfaceOrientationLandscapeRight";
				LD_RUNPATH_SEARCH_PATHS = (
					"$(inherited)",
					"@executable_path/Frameworks",
				);
				LIBRARY_SEARCH_PATHS = (
					"$(inherited)",
					"$(PROJECT_DIR)/Frameworks",
				);
				MARKETING_VERSION = 1.0;
				PRODUCT_BUNDLE_IDENTIFIER = "distributedlab.kangaroo-ios-client";
				PRODUCT_NAME = "$(TARGET_NAME)";
				SUPPORTED_PLATFORMS = "iphoneos iphonesimulator";
				SUPPORTS_MACCATALYST = NO;
				SUPPORTS_MAC_DESIGNED_FOR_IPHONE_IPAD = NO;
				SUPPORTS_XR_DESIGNED_FOR_IPHONE_IPAD = NO;
				SWIFT_EMIT_LOC_STRINGS = YES;
				SWIFT_OBJC_BRIDGING_HEADER = "";
				SWIFT_VERSION = 5.0;
				TARGETED_DEVICE_FAMILY = 1;
			};
			name = Release;
		};
		588AB9362CD3E3D8002E2DEF /* Debug */ = {
			isa = XCBuildConfiguration;
			buildSettings = {
				ALWAYS_SEARCH_USER_PATHS = NO;
				ASSETCATALOG_COMPILER_GENERATE_SWIFT_ASSET_SYMBOL_EXTENSIONS = YES;
				CLANG_ANALYZER_NONNULL = YES;
				CLANG_ANALYZER_NUMBER_OBJECT_CONVERSION = YES_AGGRESSIVE;
				CLANG_CXX_LANGUAGE_STANDARD = "gnu++20";
				CLANG_ENABLE_MODULES = YES;
				CLANG_ENABLE_OBJC_ARC = YES;
				CLANG_ENABLE_OBJC_WEAK = YES;
				CLANG_WARN_BLOCK_CAPTURE_AUTORELEASING = YES;
				CLANG_WARN_BOOL_CONVERSION = YES;
				CLANG_WARN_COMMA = YES;
				CLANG_WARN_CONSTANT_CONVERSION = YES;
				CLANG_WARN_DEPRECATED_OBJC_IMPLEMENTATIONS = YES;
				CLANG_WARN_DIRECT_OBJC_ISA_USAGE = YES_ERROR;
				CLANG_WARN_DOCUMENTATION_COMMENTS = YES;
				CLANG_WARN_EMPTY_BODY = YES;
				CLANG_WARN_ENUM_CONVERSION = YES;
				CLANG_WARN_INFINITE_RECURSION = YES;
				CLANG_WARN_INT_CONVERSION = YES;
				CLANG_WARN_NON_LITERAL_NULL_CONVERSION = YES;
				CLANG_WARN_OBJC_IMPLICIT_RETAIN_SELF = YES;
				CLANG_WARN_OBJC_LITERAL_CONVERSION = YES;
				CLANG_WARN_OBJC_ROOT_CLASS = YES_ERROR;
				CLANG_WARN_QUOTED_INCLUDE_IN_FRAMEWORK_HEADER = YES;
				CLANG_WARN_RANGE_LOOP_ANALYSIS = YES;
				CLANG_WARN_STRICT_PROTOTYPES = YES;
				CLANG_WARN_SUSPICIOUS_MOVE = YES;
				CLANG_WARN_UNGUARDED_AVAILABILITY = YES_AGGRESSIVE;
				CLANG_WARN_UNREACHABLE_CODE = YES;
				CLANG_WARN__DUPLICATE_METHOD_MATCH = YES;
				COPY_PHASE_STRIP = NO;
				DEBUG_INFORMATION_FORMAT = dwarf;
				ENABLE_STRICT_OBJC_MSGSEND = YES;
				ENABLE_TESTABILITY = YES;
				ENABLE_USER_SCRIPT_SANDBOXING = YES;
				FRAMEWORK_SEARCH_PATHS = ./Frameworks;
				GCC_C_LANGUAGE_STANDARD = gnu17;
				GCC_DYNAMIC_NO_PIC = NO;
				GCC_NO_COMMON_BLOCKS = YES;
				GCC_OPTIMIZATION_LEVEL = 0;
				GCC_PREPROCESSOR_DEFINITIONS = (
					"DEBUG=1",
					"$(inherited)",
				);
				GCC_WARN_64_TO_32_BIT_CONVERSION = YES;
				GCC_WARN_ABOUT_RETURN_TYPE = YES_ERROR;
				GCC_WARN_UNDECLARED_SELECTOR = YES;
				GCC_WARN_UNINITIALIZED_AUTOS = YES_AGGRESSIVE;
				GCC_WARN_UNUSED_FUNCTION = YES;
				GCC_WARN_UNUSED_VARIABLE = YES;
				INFOPLIST_KEY_UILaunchStoryboardName = LaunchScreen;
				IPHONEOS_DEPLOYMENT_TARGET = 18.0;
				LOCALIZATION_PREFERS_STRING_CATALOGS = YES;
				MTL_ENABLE_DEBUG_INFO = INCLUDE_SOURCE;
				MTL_FAST_MATH = YES;
				ONLY_ACTIVE_ARCH = YES;
				SDKROOT = iphoneos;
				SWIFT_ACTIVE_COMPILATION_CONDITIONS = "DEBUG $(inherited)";
				SWIFT_OPTIMIZATION_LEVEL = "-Onone";
			};
			name = Debug;
		};
		588AB9372CD3E3D8002E2DEF /* Release */ = {
			isa = XCBuildConfiguration;
			buildSettings = {
				ALWAYS_SEARCH_USER_PATHS = NO;
				ASSETCATALOG_COMPILER_GENERATE_SWIFT_ASSET_SYMBOL_EXTENSIONS = YES;
				CLANG_ANALYZER_NONNULL = YES;
				CLANG_ANALYZER_NUMBER_OBJECT_CONVERSION = YES_AGGRESSIVE;
				CLANG_CXX_LANGUAGE_STANDARD = "gnu++20";
				CLANG_ENABLE_MODULES = YES;
				CLANG_ENABLE_OBJC_ARC = YES;
				CLANG_ENABLE_OBJC_WEAK = YES;
				CLANG_WARN_BLOCK_CAPTURE_AUTORELEASING = YES;
				CLANG_WARN_BOOL_CONVERSION = YES;
				CLANG_WARN_COMMA = YES;
				CLANG_WARN_CONSTANT_CONVERSION = YES;
				CLANG_WARN_DEPRECATED_OBJC_IMPLEMENTATIONS = YES;
				CLANG_WARN_DIRECT_OBJC_ISA_USAGE = YES_ERROR;
				CLANG_WARN_DOCUMENTATION_COMMENTS = YES;
				CLANG_WARN_EMPTY_BODY = YES;
				CLANG_WARN_ENUM_CONVERSION = YES;
				CLANG_WARN_INFINITE_RECURSION = YES;
				CLANG_WARN_INT_CONVERSION = YES;
				CLANG_WARN_NON_LITERAL_NULL_CONVERSION = YES;
				CLANG_WARN_OBJC_IMPLICIT_RETAIN_SELF = YES;
				CLANG_WARN_OBJC_LITERAL_CONVERSION = YES;
				CLANG_WARN_OBJC_ROOT_CLASS = YES_ERROR;
				CLANG_WARN_QUOTED_INCLUDE_IN_FRAMEWORK_HEADER = YES;
				CLANG_WARN_RANGE_LOOP_ANALYSIS = YES;
				CLANG_WARN_STRICT_PROTOTYPES = YES;
				CLANG_WARN_SUSPICIOUS_MOVE = YES;
				CLANG_WARN_UNGUARDED_AVAILABILITY = YES_AGGRESSIVE;
				CLANG_WARN_UNREACHABLE_CODE = YES;
				CLANG_WARN__DUPLICATE_METHOD_MATCH = YES;
				COPY_PHASE_STRIP = NO;
				DEBUG_INFORMATION_FORMAT = "dwarf-with-dsym";
				ENABLE_NS_ASSERTIONS = NO;
				ENABLE_STRICT_OBJC_MSGSEND = YES;
				ENABLE_USER_SCRIPT_SANDBOXING = YES;
				FRAMEWORK_SEARCH_PATHS = ./Frameworks;
				GCC_C_LANGUAGE_STANDARD = gnu17;
				GCC_NO_COMMON_BLOCKS = YES;
				GCC_PREPROCESSOR_DEFINITIONS = "";
				GCC_WARN_64_TO_32_BIT_CONVERSION = YES;
				GCC_WARN_ABOUT_RETURN_TYPE = YES_ERROR;
				GCC_WARN_UNDECLARED_SELECTOR = YES;
				GCC_WARN_UNINITIALIZED_AUTOS = YES_AGGRESSIVE;
				GCC_WARN_UNUSED_FUNCTION = YES;
				GCC_WARN_UNUSED_VARIABLE = YES;
				INFOPLIST_KEY_UILaunchStoryboardName = LaunchScreen;
				IPHONEOS_DEPLOYMENT_TARGET = 18.0;
				LOCALIZATION_PREFERS_STRING_CATALOGS = YES;
				MTL_ENABLE_DEBUG_INFO = NO;
				MTL_FAST_MATH = YES;
				SDKROOT = iphoneos;
				SWIFT_COMPILATION_MODE = wholemodule;
				VALIDATE_PRODUCT = YES;
			};
			name = Release;
		};
		588AB9392CD3E3D8002E2DEF /* Debug */ = {
			isa = XCBuildConfiguration;
			buildSettings = {
				BUNDLE_LOADER = "$(TEST_HOST)";
				CODE_SIGN_STYLE = Automatic;
				CURRENT_PROJECT_VERSION = 1;
				DEVELOPMENT_TEAM = T7CLECN442;
				GENERATE_INFOPLIST_FILE = YES;
				IPHONEOS_DEPLOYMENT_TARGET = 18.0;
				MARKETING_VERSION = 1.0;
				PRODUCT_BUNDLE_IDENTIFIER = "distributedlab.kangaroo-ios-clientTests";
				PRODUCT_NAME = "$(TARGET_NAME)";
				SWIFT_EMIT_LOC_STRINGS = NO;
				SWIFT_VERSION = 5.0;
				TARGETED_DEVICE_FAMILY = "1,2";
				TEST_HOST = "$(BUILT_PRODUCTS_DIR)/kangaroo-ios-client.app/$(BUNDLE_EXECUTABLE_FOLDER_PATH)/kangaroo-ios-client";
			};
			name = Debug;
		};
		588AB93A2CD3E3D8002E2DEF /* Release */ = {
			isa = XCBuildConfiguration;
			buildSettings = {
				BUNDLE_LOADER = "$(TEST_HOST)";
				CODE_SIGN_STYLE = Automatic;
				CURRENT_PROJECT_VERSION = 1;
				DEVELOPMENT_TEAM = T7CLECN442;
				GENERATE_INFOPLIST_FILE = YES;
				IPHONEOS_DEPLOYMENT_TARGET = 18.0;
				MARKETING_VERSION = 1.0;
				PRODUCT_BUNDLE_IDENTIFIER = "distributedlab.kangaroo-ios-clientTests";
				PRODUCT_NAME = "$(TARGET_NAME)";
				SWIFT_EMIT_LOC_STRINGS = NO;
				SWIFT_VERSION = 5.0;
				TARGETED_DEVICE_FAMILY = "1,2";
				TEST_HOST = "$(BUILT_PRODUCTS_DIR)/kangaroo-ios-client.app/$(BUNDLE_EXECUTABLE_FOLDER_PATH)/kangaroo-ios-client";
			};
			name = Release;
		};
		588AB93C2CD3E3D8002E2DEF /* Debug */ = {
			isa = XCBuildConfiguration;
			buildSettings = {
				CODE_SIGN_STYLE = Automatic;
				CURRENT_PROJECT_VERSION = 1;
				DEVELOPMENT_TEAM = T7CLECN442;
				GENERATE_INFOPLIST_FILE = YES;
				MARKETING_VERSION = 1.0;
				PRODUCT_BUNDLE_IDENTIFIER = "distributedlab.kangaroo-ios-clientUITests";
				PRODUCT_NAME = "$(TARGET_NAME)";
				SWIFT_EMIT_LOC_STRINGS = NO;
				SWIFT_VERSION = 5.0;
				TARGETED_DEVICE_FAMILY = "1,2";
				TEST_TARGET_NAME = "kangaroo-ios-client";
			};
			name = Debug;
		};
		588AB93D2CD3E3D8002E2DEF /* Release */ = {
			isa = XCBuildConfiguration;
			buildSettings = {
				CODE_SIGN_STYLE = Automatic;
				CURRENT_PROJECT_VERSION = 1;
				DEVELOPMENT_TEAM = T7CLECN442;
				GENERATE_INFOPLIST_FILE = YES;
				MARKETING_VERSION = 1.0;
				PRODUCT_BUNDLE_IDENTIFIER = "distributedlab.kangaroo-ios-clientUITests";
				PRODUCT_NAME = "$(TARGET_NAME)";
				SWIFT_EMIT_LOC_STRINGS = NO;
				SWIFT_VERSION = 5.0;
				TARGETED_DEVICE_FAMILY = "1,2";
				TEST_TARGET_NAME = "kangaroo-ios-client";
			};
			name = Release;
		};
/* End XCBuildConfiguration section */

/* Begin XCConfigurationList section */
		588AB9052CD3E3D7002E2DEF /* Build configuration list for PBXProject "kangaroo-ios-client" */ = {
			isa = XCConfigurationList;
			buildConfigurations = (
				588AB9362CD3E3D8002E2DEF /* Debug */,
				588AB9372CD3E3D8002E2DEF /* Release */,
			);
			defaultConfigurationIsVisible = 0;
			defaultConfigurationName = Release;
		};
		588AB9332CD3E3D8002E2DEF /* Build configuration list for PBXNativeTarget "kangaroo-ios-client" */ = {
			isa = XCConfigurationList;
			buildConfigurations = (
				588AB9342CD3E3D8002E2DEF /* Debug */,
				588AB9352CD3E3D8002E2DEF /* Release */,
			);
			defaultConfigurationIsVisible = 0;
			defaultConfigurationName = Release;
		};
		588AB9382CD3E3D8002E2DEF /* Build configuration list for PBXNativeTarget "kangaroo-ios-clientTests" */ = {
			isa = XCConfigurationList;
			buildConfigurations = (
				588AB9392CD3E3D8002E2DEF /* Debug */,
				588AB93A2CD3E3D8002E2DEF /* Release */,
			);
			defaultConfigurationIsVisible = 0;
			defaultConfigurationName = Release;
		};
		588AB93B2CD3E3D8002E2DEF /* Build configuration list for PBXNativeTarget "kangaroo-ios-clientUITests" */ = {
			isa = XCConfigurationList;
			buildConfigurations = (
				588AB93C2CD3E3D8002E2DEF /* Debug */,
				588AB93D2CD3E3D8002E2DEF /* Release */,
			);
			defaultConfigurationIsVisible = 0;
			defaultConfigurationName = Release;
		};
/* End XCConfigurationList section */

/* Begin XCRemoteSwiftPackageReference section */
		588AB93E2CD3E7EB002E2DEF /* XCRemoteSwiftPackageReference "BigInt" */ = {
			isa = XCRemoteSwiftPackageReference;
			repositoryURL = "https://github.com/attaswift/BigInt.git";
			requirement = {
				kind = upToNextMajorVersion;
				minimumVersion = 5.1.0;
			};
		};
		588BA12A2CD4E5AB0022675F /* XCRemoteSwiftPackageReference "swift-crypto" */ = {
			isa = XCRemoteSwiftPackageReference;
			repositoryURL = "https://github.com/apple/swift-crypto.git";
			requirement = {
				kind = upToNextMajorVersion;
				minimumVersion = 3.9.0;
			};
		};
		588BA1342CDCFD550022675F /* XCRemoteSwiftPackageReference "swift-async-algorithms" */ = {
			isa = XCRemoteSwiftPackageReference;
			repositoryURL = "https://github.com/apple/swift-async-algorithms.git";
			requirement = {
				kind = upToNextMajorVersion;
				minimumVersion = 1.0.2;
			};
		};
/* End XCRemoteSwiftPackageReference section */

/* Begin XCSwiftPackageProductDependency section */
		588AB93F2CD3E7EB002E2DEF /* BigInt */ = {
			isa = XCSwiftPackageProductDependency;
			package = 588AB93E2CD3E7EB002E2DEF /* XCRemoteSwiftPackageReference "BigInt" */;
			productName = BigInt;
		};
		588BA12B2CD4E5AB0022675F /* Crypto */ = {
			isa = XCSwiftPackageProductDependency;
			package = 588BA12A2CD4E5AB0022675F /* XCRemoteSwiftPackageReference "swift-crypto" */;
			productName = Crypto;
		};
		588BA12D2CD4E5AB0022675F /* _CryptoExtras */ = {
			isa = XCSwiftPackageProductDependency;
			package = 588BA12A2CD4E5AB0022675F /* XCRemoteSwiftPackageReference "swift-crypto" */;
			productName = _CryptoExtras;
		};
		588BA1352CDCFD550022675F /* AsyncAlgorithms */ = {
			isa = XCSwiftPackageProductDependency;
			package = 588BA1342CDCFD550022675F /* XCRemoteSwiftPackageReference "swift-async-algorithms" */;
			productName = AsyncAlgorithms;
		};
/* End XCSwiftPackageProductDependency section */
	};
	rootObject = 588AB9022CD3E3D7002E2DEF /* Project object */;
}
